
Microsoft Visual Studio Solution File, Format Version 12.00
# Visual Studio 15
VisualStudioVersion = 15.0.28010.2003
MinimumVisualStudioVersion = 10.0.40219.1
Project("{FAE04EC0-301F-11D3-BF4B-00C04F79EFBC}") = "CMLSmartHome", "CMLSmartHome\CMLSmartHome.csproj", "{20A80F5F-24C8-46FD-86DA-7527924D6A35}"
EndProject
Global
	GlobalSection(SolutionConfigurationPlatforms) = preSolution
		Debug|Any CPU = Debug|Any CPU
		Release|Any CPU = Release|Any CPU
	EndGlobalSection
	GlobalSection(ProjectConfigurationPlatforms) = postSolution
		{20A80F5F-24C8-46FD-86DA-7527924D6A35}.Debug|Any CPU.ActiveCfg = Debug|Any CPU
		{20A80F5F-24C8-46FD-86DA-7527924D6A35}.Debug|Any CPU.Build.0 = Debug|Any CPU
		{20A80F5F-24C8-46FD-86DA-7527924D6A35}.Release|Any CPU.ActiveCfg = Release|Any CPU
		{20A80F5F-24C8-46FD-86DA-7527924D6A35}.Release|Any CPU.Build.0 = Release|Any CPU
	EndGlobalSection
	GlobalSection(SolutionProperties) = preSolution
		HideSolutionNode = FALSE
	EndGlobalSection
	GlobalSection(ExtensibilityGlobals) = postSolution
		SolutionGuid = {740E1FCF-B246-486D-8F74-201825D41285}
	EndGlobalSection
EndGlobal
